PODS:
  - ReachabilitySwift (5.0.0)

DEPENDENCIES:
  - ReachabilitySwift

SPEC REPOS:
  https://github.com/cocoapods/specs.git:
    - ReachabilitySwift

SPEC CHECKSUMS:
  ReachabilitySwift: 985039c6f7b23a1da463388634119492ff86c825

PODFILE CHECKSUM: 4a237e39db6ffdb35928e5c048d3071372627d53

COCOAPODS: 1.7.5
